
Microsoft Visual Studio Solution File, Format Version 12.00
# Visual Studio Version 16
VisualStudioVersion = 16.0.31424.327
MinimumVisualStudioVersion = 10.0.40219.1
Project("{FAE04EC0-301F-11D3-BF4B-00C04F79EFBC}") = "ELearning", "ELearning\ELearning.csproj", "{F75292D3-5485-46CC-B285-18BCD03321FD}"
EndProject
Global
	GlobalSection(SolutionConfigurationPlatforms) = preSolution
		Debug|Any CPU = Debug|Any CPU
		Release|Any CPU = Release|Any CPU
	EndGlobalSection
	GlobalSection(ProjectConfigurationPlatforms) = postSolution
		{F75292D3-5485-46CC-B285-18BCD03321FD}.Debug|Any CPU.ActiveCfg = Debug|Any CPU
		{F75292D3-5485-46CC-B285-18BCD03321FD}.Debug|Any CPU.Build.0 = Debug|Any CPU
		{F75292D3-5485-46CC-B285-18BCD03321FD}.Release|Any CPU.ActiveCfg = Release|Any CPU
		{F75292D3-5485-46CC-B285-18BCD03321FD}.Release|Any CPU.Build.0 = Release|Any CPU
	EndGlobalSection
	GlobalSection(SolutionProperties) = preSolution
		HideSolutionNode = FALSE
	EndGlobalSection
	GlobalSection(ExtensibilityGlobals) = postSolution
		SolutionGuid = {58142773-01D7-4460-8E63-647C02968D1A}
	EndGlobalSection
EndGlobal
